
Microsoft Visual Studio Solution File, Format Version 12.00
# Visual Studio Version 16
VisualStudioVersion = 16.0.29911.84
MinimumVisualStudioVersion = 10.0.40219.1
Project("{9A19103F-16F7-4668-BE54-9A1E7A4F7556}") = "GraphicsTemplate.Api", "Api\GraphicsTemplate.Api\GraphicsTemplate.Api.csproj", "{3E57BB10-E7EA-427E-8F41-9F1A559E6630}"
EndProject
Project("{FAE04EC0-301F-11D3-BF4B-00C04F79EFBC}") = "GraphicsTemplate.Api.Client", "Api\GraphicsTemplate.Api.Client\GraphicsTemplate.Api.Client.csproj", "{E6349556-5F50-4E73-9372-1993EFE274DA}"
EndProject
Project("{9A19103F-16F7-4668-BE54-9A1E7A4F7556}") = "GraphicsTemplate.Dto", "Api\GraphicsTemplate.Dto\GraphicsTemplate.Dto.csproj", "{557AA6EF-63DA-46ED-9A4D-69A43FEAAC0E}"
EndProject
Project("{9A19103F-16F7-4668-BE54-9A1E7A4F7556}") = "GraphicsTemplate.ApplicationServices", "Application\GraphicsTemplate.ApplicationServices\GraphicsTemplate.ApplicationServices.csproj", "{5EDF5182-973C-4937-B6EE-59899A347355}"
EndProject
Project("{9A19103F-16F7-4668-BE54-9A1E7A4F7556}") = "GraphicsTemplate.App", "Application\GraphicsTemplate.App\GraphicsTemplate.App.csproj", "{21C876C9-96A1-43F5-9E36-E39EEBA4F8AA}"
EndProject
Project("{9A19103F-16F7-4668-BE54-9A1E7A4F7556}") = "GraphicsTemplate.Shared", "Application\GraphicsTemplate.Shared\GraphicsTemplate.Shared.csproj", "{D268DCA4-AF1A-4144-AD78-8B88E089DE0B}"
EndProject
Project("{9A19103F-16F7-4668-BE54-9A1E7A4F7556}") = "GraphicsTemplate.Domain", "Core\GraphicsTemplate.Domain\GraphicsTemplate.Domain.csproj", "{1DD6F804-49C2-4E93-841C-13905DF42460}"
EndProject
Project("{9A19103F-16F7-4668-BE54-9A1E7A4F7556}") = "GraphicsTemplate.Models", "Core\GraphicsTemplate.Models\GraphicsTemplate.Models.csproj", "{044B30CA-702C-459C-B107-4EB0E5E1CB5D}"
EndProject
Project("{9A19103F-16F7-4668-BE54-9A1E7A4F7556}") = "GraphicsTemplate.Adapters", "Infrastructure\GraphicsTemplate.Adapters\GraphicsTemplate.Adapters.csproj", "{A154F0C2-8628-40C5-9FD5-252A4EE8A4B7}"
EndProject
Project("{9A19103F-16F7-4668-BE54-9A1E7A4F7556}") = "GraphicsTemplate.Adapters.Irrlicht", "Infrastructure\GraphicsTemplate.Adapters.Irrlicht\GraphicsTemplate.Adapters.Irrlicht.csproj", "{0411BBF9-6507-4700-8133-450041F5D5D2}"
	ProjectSection(ProjectDependencies) = postProject
		{4F6EF8E3-F26F-49DB-867D-FD10FB083B0D} = {4F6EF8E3-F26F-49DB-867D-FD10FB083B0D}
	EndProjectSection
EndProject
Project("{8BC9CEB8-8B4A-11D0-8D11-00A0C91BC942}") = "Irrlicht.NetCore", "Infrastructure\GraphicsTemplate.Adapters.Irrlicht\Irrlicht.NetCore\Irrlicht.NetCore\Irrlicht.NetCore.vcxproj", "{4F6EF8E3-F26F-49DB-867D-FD10FB083B0D}"
EndProject
Project("{9A19103F-16F7-4668-BE54-9A1E7A4F7556}") = "GraphicsTemplate.Adapters.Urho", "Infrastructure\GraphicsTemplate.Adapters.Urho\GraphicsTemplate.Adapters.Urho.csproj", "{677ADF06-323E-4FCD-968C-E2B154EE1D1B}"
EndProject
Project("{9A19103F-16F7-4668-BE54-9A1E7A4F7556}") = "GraphicsTemplate.Infrastructure", "Infrastructure\GraphicsTemplate.Infrastructure\GraphicsTemplate.Infrastructure.csproj", "{5035DDC7-0F2C-4598-AF4D-17435D895D00}"
EndProject
Project("{9A19103F-16F7-4668-BE54-9A1E7A4F7556}") = "GraphicsTemplate.Domain.UnitTests", "Tests\GraphicsTemplate.Domain.UnitTests\GraphicsTemplate.Domain.UnitTests.csproj", "{EE6F0316-55B3-405B-9DBD-B321F3C7F75C}"
EndProject
Project("{9A19103F-16F7-4668-BE54-9A1E7A4F7556}") = "GraphicsTemplate.ApplicationServices.IntegrationTests", "Tests\GraphicsTemplate.ApplicationServices.IntegrationTests\GraphicsTemplate.ApplicationServices.IntegrationTests.csproj", "{45739F7A-3F87-4DF7-ABCD-64AF30850A8F}"
EndProject
Project("{2150E333-8FDC-42A3-9474-1A3956D46DE8}") = "Api", "Api", "{19276E37-81AE-44C1-B613-E22E42E77DD1}"
EndProject
Project("{2150E333-8FDC-42A3-9474-1A3956D46DE8}") = "Application", "Application", "{EA19F801-9456-40BA-987B-D2968A3751D2}"
EndProject
Project("{2150E333-8FDC-42A3-9474-1A3956D46DE8}") = "Core", "Core", "{75DCC920-5372-4B65-8599-F30003F49BCC}"
EndProject
Project("{2150E333-8FDC-42A3-9474-1A3956D46DE8}") = "Infrastructure", "Infrastructure", "{4BE36036-DABE-4CF1-A775-51C8B88C1EBD}"
EndProject
Project("{2150E333-8FDC-42A3-9474-1A3956D46DE8}") = "Tests", "Tests", "{71AAAC7A-835F-4FA8-9ACE-B77258FED307}"
EndProject
Global
	GlobalSection(SolutionConfigurationPlatforms) = preSolution
		Debug|Any CPU = Debug|Any CPU
		Debug|x64 = Debug|x64
		Debug|x86 = Debug|x86
		Release|Any CPU = Release|Any CPU
		Release|x64 = Release|x64
		Release|x86 = Release|x86
	EndGlobalSection
	GlobalSection(ProjectConfigurationPlatforms) = postSolution
		{3E57BB10-E7EA-427E-8F41-9F1A559E6630}.Debug|Any CPU.ActiveCfg = Debug|Any CPU
		{3E57BB10-E7EA-427E-8F41-9F1A559E6630}.Debug|Any CPU.Build.0 = Debug|Any CPU
		{3E57BB10-E7EA-427E-8F41-9F1A559E6630}.Debug|x64.ActiveCfg = Debug|x64
		{3E57BB10-E7EA-427E-8F41-9F1A559E6630}.Debug|x64.Build.0 = Debug|x64
		{3E57BB10-E7EA-427E-8F41-9F1A559E6630}.Debug|x86.ActiveCfg = Debug|x86
		{3E57BB10-E7EA-427E-8F41-9F1A559E6630}.Debug|x86.Build.0 = Debug|x86
		{3E57BB10-E7EA-427E-8F41-9F1A559E6630}.Release|Any CPU.ActiveCfg = Release|Any CPU
		{3E57BB10-E7EA-427E-8F41-9F1A559E6630}.Release|Any CPU.Build.0 = Release|Any CPU
		{3E57BB10-E7EA-427E-8F41-9F1A559E6630}.Release|x64.ActiveCfg = Release|x64
		{3E57BB10-E7EA-427E-8F41-9F1A559E6630}.Release|x64.Build.0 = Release|x64
		{3E57BB10-E7EA-427E-8F41-9F1A559E6630}.Release|x86.ActiveCfg = Release|x86
		{3E57BB10-E7EA-427E-8F41-9F1A559E6630}.Release|x86.Build.0 = Release|x86
		{557AA6EF-63DA-46ED-9A4D-69A43FEAAC0E}.Debug|Any CPU.ActiveCfg = Debug|Any CPU
		{557AA6EF-63DA-46ED-9A4D-69A43FEAAC0E}.Debug|Any CPU.Build.0 = Debug|Any CPU
		{557AA6EF-63DA-46ED-9A4D-69A43FEAAC0E}.Debug|x64.ActiveCfg = Debug|Any CPU
		{557AA6EF-63DA-46ED-9A4D-69A43FEAAC0E}.Debug|x64.Build.0 = Debug|Any CPU
		{557AA6EF-63DA-46ED-9A4D-69A43FEAAC0E}.Debug|x86.ActiveCfg = Debug|Any CPU
		{557AA6EF-63DA-46ED-9A4D-69A43FEAAC0E}.Debug|x86.Build.0 = Debug|Any CPU
		{557AA6EF-63DA-46ED-9A4D-69A43FEAAC0E}.Release|Any CPU.ActiveCfg = Release|Any CPU
		{557AA6EF-63DA-46ED-9A4D-69A43FEAAC0E}.Release|Any CPU.Build.0 = Release|Any CPU
		{557AA6EF-63DA-46ED-9A4D-69A43FEAAC0E}.Release|x64.ActiveCfg = Release|Any CPU
		{557AA6EF-63DA-46ED-9A4D-69A43FEAAC0E}.Release|x64.Build.0 = Release|Any CPU
		{557AA6EF-63DA-46ED-9A4D-69A43FEAAC0E}.Release|x86.ActiveCfg = Release|Any CPU
		{557AA6EF-63DA-46ED-9A4D-69A43FEAAC0E}.Release|x86.Build.0 = Release|Any CPU
		{5EDF5182-973C-4937-B6EE-59899A347355}.Debug|Any CPU.ActiveCfg = Debug|Any CPU
		{5EDF5182-973C-4937-B6EE-59899A347355}.Debug|Any CPU.Build.0 = Debug|Any CPU
		{5EDF5182-973C-4937-B6EE-59899A347355}.Debug|x64.ActiveCfg = Debug|Any CPU
		{5EDF5182-973C-4937-B6EE-59899A347355}.Debug|x64.Build.0 = Debug|Any CPU
		{5EDF5182-973C-4937-B6EE-59899A347355}.Debug|x86.ActiveCfg = Debug|Any CPU
		{5EDF5182-973C-4937-B6EE-59899A347355}.Debug|x86.Build.0 = Debug|Any CPU
		{5EDF5182-973C-4937-B6EE-59899A347355}.Release|Any CPU.ActiveCfg = Release|Any CPU
		{5EDF5182-973C-4937-B6EE-59899A347355}.Release|Any CPU.Build.0 = Release|Any CPU
		{5EDF5182-973C-4937-B6EE-59899A347355}.Release|x64.ActiveCfg = Release|Any CPU
		{5EDF5182-973C-4937-B6EE-59899A347355}.Release|x64.Build.0 = Release|Any CPU
		{5EDF5182-973C-4937-B6EE-59899A347355}.Release|x86.ActiveCfg = Release|Any CPU
		{5EDF5182-973C-4937-B6EE-59899A347355}.Release|x86.Build.0 = Release|Any CPU
		{21C876C9-96A1-43F5-9E36-E39EEBA4F8AA}.Debug|Any CPU.ActiveCfg = Debug|x86
		{21C876C9-96A1-43F5-9E36-E39EEBA4F8AA}.Debug|x64.ActiveCfg = Debug|x64
		{21C876C9-96A1-43F5-9E36-E39EEBA4F8AA}.Debug|x64.Build.0 = Debug|x64
		{21C876C9-96A1-43F5-9E36-E39EEBA4F8AA}.Debug|x86.ActiveCfg = Debug|x86
		{21C876C9-96A1-43F5-9E36-E39EEBA4F8AA}.Debug|x86.Build.0 = Debug|x86
		{21C876C9-96A1-43F5-9E36-E39EEBA4F8AA}.Release|Any CPU.ActiveCfg = Release|Any CPU
		{21C876C9-96A1-43F5-9E36-E39EEBA4F8AA}.Release|x64.ActiveCfg = Release|x64
		{21C876C9-96A1-43F5-9E36-E39EEBA4F8AA}.Release|x64.Build.0 = Release|x64
		{21C876C9-96A1-43F5-9E36-E39EEBA4F8AA}.Release|x86.ActiveCfg = Release|x86
		{21C876C9-96A1-43F5-9E36-E39EEBA4F8AA}.Release|x86.Build.0 = Release|x86
		{D268DCA4-AF1A-4144-AD78-8B88E089DE0B}.Debug|Any CPU.ActiveCfg = Debug|Any CPU
		{D268DCA4-AF1A-4144-AD78-8B88E089DE0B}.Debug|x64.ActiveCfg = Debug|Any CPU
		{D268DCA4-AF1A-4144-AD78-8B88E089DE0B}.Debug|x64.Build.0 = Debug|Any CPU
		{D268DCA4-AF1A-4144-AD78-8B88E089DE0B}.Debug|x86.ActiveCfg = Debug|Any CPU
		{D268DCA4-AF1A-4144-AD78-8B88E089DE0B}.Debug|x86.Build.0 = Debug|Any CPU
		{D268DCA4-AF1A-4144-AD78-8B88E089DE0B}.Release|Any CPU.ActiveCfg = Release|Any CPU
		{D268DCA4-AF1A-4144-AD78-8B88E089DE0B}.Release|x64.ActiveCfg = Release|Any CPU
		{D268DCA4-AF1A-4144-AD78-8B88E089DE0B}.Release|x64.Build.0 = Release|Any CPU
		{D268DCA4-AF1A-4144-AD78-8B88E089DE0B}.Release|x86.ActiveCfg = Release|Any CPU
		{D268DCA4-AF1A-4144-AD78-8B88E089DE0B}.Release|x86.Build.0 = Release|Any CPU
		{1DD6F804-49C2-4E93-841C-13905DF42460}.Debug|Any CPU.ActiveCfg = Debug|Any CPU
		{1DD6F804-49C2-4E93-841C-13905DF42460}.Debug|Any CPU.Build.0 = Debug|Any CPU
		{1DD6F804-49C2-4E93-841C-13905DF42460}.Debug|x64.ActiveCfg = Debug|Any CPU
		{1DD6F804-49C2-4E93-841C-13905DF42460}.Debug|x64.Build.0 = Debug|Any CPU
		{1DD6F804-49C2-4E93-841C-13905DF42460}.Debug|x86.ActiveCfg = Debug|Any CPU
		{1DD6F804-49C2-4E93-841C-13905DF42460}.Debug|x86.Build.0 = Debug|Any CPU
		{1DD6F804-49C2-4E93-841C-13905DF42460}.Release|Any CPU.ActiveCfg = Release|Any CPU
		{1DD6F804-49C2-4E93-841C-13905DF42460}.Release|Any CPU.Build.0 = Release|Any CPU
		{1DD6F804-49C2-4E93-841C-13905DF42460}.Release|x64.ActiveCfg = Release|Any CPU
		{1DD6F804-49C2-4E93-841C-13905DF42460}.Release|x64.Build.0 = Release|Any CPU
		{1DD6F804-49C2-4E93-841C-13905DF42460}.Release|x86.ActiveCfg = Release|Any CPU
		{1DD6F804-49C2-4E93-841C-13905DF42460}.Release|x86.Build.0 = Release|Any CPU
		{044B30CA-702C-459C-B107-4EB0E5E1CB5D}.Debug|Any CPU.ActiveCfg = Debug|Any CPU
		{044B30CA-702C-459C-B107-4EB0E5E1CB5D}.Debug|Any CPU.Build.0 = Debug|Any CPU
		{044B30CA-702C-459C-B107-4EB0E5E1CB5D}.Debug|x64.ActiveCfg = Debug|Any CPU
		{044B30CA-702C-459C-B107-4EB0E5E1CB5D}.Debug|x64.Build.0 = Debug|Any CPU
		{044B30CA-702C-459C-B107-4EB0E5E1CB5D}.Debug|x86.ActiveCfg = Debug|Any CPU
		{044B30CA-702C-459C-B107-4EB0E5E1CB5D}.Debug|x86.Build.0 = Debug|Any CPU
		{044B30CA-702C-459C-B107-4EB0E5E1CB5D}.Release|Any CPU.ActiveCfg = Release|Any CPU
		{044B30CA-702C-459C-B107-4EB0E5E1CB5D}.Release|Any CPU.Build.0 = Release|Any CPU
		{044B30CA-702C-459C-B107-4EB0E5E1CB5D}.Release|x64.ActiveCfg = Release|Any CPU
		{044B30CA-702C-459C-B107-4EB0E5E1CB5D}.Release|x64.Build.0 = Release|Any CPU
		{044B30CA-702C-459C-B107-4EB0E5E1CB5D}.Release|x86.ActiveCfg = Release|Any CPU
		{044B30CA-702C-459C-B107-4EB0E5E1CB5D}.Release|x86.Build.0 = Release|Any CPU
		{A154F0C2-8628-40C5-9FD5-252A4EE8A4B7}.Debug|Any CPU.ActiveCfg = Debug|Any CPU
		{A154F0C2-8628-40C5-9FD5-252A4EE8A4B7}.Debug|Any CPU.Build.0 = Debug|Any CPU
		{A154F0C2-8628-40C5-9FD5-252A4EE8A4B7}.Debug|x64.ActiveCfg = Debug|Any CPU
		{A154F0C2-8628-40C5-9FD5-252A4EE8A4B7}.Debug|x64.Build.0 = Debug|Any CPU
		{A154F0C2-8628-40C5-9FD5-252A4EE8A4B7}.Debug|x86.ActiveCfg = Debug|Any CPU
		{A154F0C2-8628-40C5-9FD5-252A4EE8A4B7}.Debug|x86.Build.0 = Debug|Any CPU
		{A154F0C2-8628-40C5-9FD5-252A4EE8A4B7}.Release|Any CPU.ActiveCfg = Release|Any CPU
		{A154F0C2-8628-40C5-9FD5-252A4EE8A4B7}.Release|Any CPU.Build.0 = Release|Any CPU
		{A154F0C2-8628-40C5-9FD5-252A4EE8A4B7}.Release|x64.ActiveCfg = Release|Any CPU
		{A154F0C2-8628-40C5-9FD5-252A4EE8A4B7}.Release|x64.Build.0 = Release|Any CPU
		{A154F0C2-8628-40C5-9FD5-252A4EE8A4B7}.Release|x86.ActiveCfg = Release|Any CPU
		{A154F0C2-8628-40C5-9FD5-252A4EE8A4B7}.Release|x86.Build.0 = Release|Any CPU
		{0411BBF9-6507-4700-8133-450041F5D5D2}.Debug|Any CPU.ActiveCfg = Debug|x86
		{0411BBF9-6507-4700-8133-450041F5D5D2}.Debug|x64.ActiveCfg = Debug|x64
		{0411BBF9-6507-4700-8133-450041F5D5D2}.Debug|x64.Build.0 = Debug|x64
		{0411BBF9-6507-4700-8133-450041F5D5D2}.Debug|x86.ActiveCfg = Debug|x86
		{0411BBF9-6507-4700-8133-450041F5D5D2}.Debug|x86.Build.0 = Debug|x86
		{0411BBF9-6507-4700-8133-450041F5D5D2}.Release|Any CPU.ActiveCfg = Release|x86
		{0411BBF9-6507-4700-8133-450041F5D5D2}.Release|x64.ActiveCfg = Release|x64
		{0411BBF9-6507-4700-8133-450041F5D5D2}.Release|x64.Build.0 = Release|x64
		{0411BBF9-6507-4700-8133-450041F5D5D2}.Release|x86.ActiveCfg = Release|x86
		{0411BBF9-6507-4700-8133-450041F5D5D2}.Release|x86.Build.0 = Release|x86
		{4F6EF8E3-F26F-49DB-867D-FD10FB083B0D}.Debug|Any CPU.ActiveCfg = Debug|Win32
		{4F6EF8E3-F26F-49DB-867D-FD10FB083B0D}.Debug|x64.ActiveCfg = Debug|x64
		{4F6EF8E3-F26F-49DB-867D-FD10FB083B0D}.Debug|x64.Build.0 = Debug|x64
		{4F6EF8E3-F26F-49DB-867D-FD10FB083B0D}.Debug|x86.ActiveCfg = Debug|Win32
		{4F6EF8E3-F26F-49DB-867D-FD10FB083B0D}.Debug|x86.Build.0 = Debug|Win32
		{4F6EF8E3-F26F-49DB-867D-FD10FB083B0D}.Release|Any CPU.ActiveCfg = Release|Win32
		{4F6EF8E3-F26F-49DB-867D-FD10FB083B0D}.Release|x64.ActiveCfg = Release|x64
		{4F6EF8E3-F26F-49DB-867D-FD10FB083B0D}.Release|x64.Build.0 = Release|x64
		{4F6EF8E3-F26F-49DB-867D-FD10FB083B0D}.Release|x86.ActiveCfg = Release|Win32
		{4F6EF8E3-F26F-49DB-867D-FD10FB083B0D}.Release|x86.Build.0 = Release|Win32
		{677ADF06-323E-4FCD-968C-E2B154EE1D1B}.Debug|Any CPU.ActiveCfg = Debug|Any CPU
		{677ADF06-323E-4FCD-968C-E2B154EE1D1B}.Debug|x64.ActiveCfg = Debug|Any CPU
		{677ADF06-323E-4FCD-968C-E2B154EE1D1B}.Debug|x64.Build.0 = Debug|Any CPU
		{677ADF06-323E-4FCD-968C-E2B154EE1D1B}.Debug|x86.ActiveCfg = Debug|Any CPU
		{677ADF06-323E-4FCD-968C-E2B154EE1D1B}.Debug|x86.Build.0 = Debug|Any CPU
		{677ADF06-323E-4FCD-968C-E2B154EE1D1B}.Release|Any CPU.ActiveCfg = Release|Any CPU
		{677ADF06-323E-4FCD-968C-E2B154EE1D1B}.Release|x64.ActiveCfg = Release|Any CPU
		{677ADF06-323E-4FCD-968C-E2B154EE1D1B}.Release|x64.Build.0 = Release|Any CPU
		{677ADF06-323E-4FCD-968C-E2B154EE1D1B}.Release|x86.ActiveCfg = Release|Any CPU
		{677ADF06-323E-4FCD-968C-E2B154EE1D1B}.Release|x86.Build.0 = Release|Any CPU
		{5035DDC7-0F2C-4598-AF4D-17435D895D00}.Debug|Any CPU.ActiveCfg = Debug|Any CPU
		{5035DDC7-0F2C-4598-AF4D-17435D895D00}.Debug|Any CPU.Build.0 = Debug|Any CPU
		{5035DDC7-0F2C-4598-AF4D-17435D895D00}.Debug|x64.ActiveCfg = Debug|x64
		{5035DDC7-0F2C-4598-AF4D-17435D895D00}.Debug|x64.Build.0 = Debug|x64
		{5035DDC7-0F2C-4598-AF4D-17435D895D00}.Debug|x86.ActiveCfg = Debug|x86
		{5035DDC7-0F2C-4598-AF4D-17435D895D00}.Debug|x86.Build.0 = Debug|x86
		{5035DDC7-0F2C-4598-AF4D-17435D895D00}.Release|Any CPU.ActiveCfg = Release|Any CPU
		{5035DDC7-0F2C-4598-AF4D-17435D895D00}.Release|Any CPU.Build.0 = Release|Any CPU
		{5035DDC7-0F2C-4598-AF4D-17435D895D00}.Release|x64.ActiveCfg = Release|x64
		{5035DDC7-0F2C-4598-AF4D-17435D895D00}.Release|x64.Build.0 = Release|x64
		{5035DDC7-0F2C-4598-AF4D-17435D895D00}.Release|x86.ActiveCfg = Release|x86
		{5035DDC7-0F2C-4598-AF4D-17435D895D00}.Release|x86.Build.0 = Release|x86
		{EE6F0316-55B3-405B-9DBD-B321F3C7F75C}.Debug|Any CPU.ActiveCfg = Debug|Any CPU
		{EE6F0316-55B3-405B-9DBD-B321F3C7F75C}.Debug|Any CPU.Build.0 = Debug|Any CPU
		{EE6F0316-55B3-405B-9DBD-B321F3C7F75C}.Debug|x64.ActiveCfg = Debug|Any CPU
		{EE6F0316-55B3-405B-9DBD-B321F3C7F75C}.Debug|x64.Build.0 = Debug|Any CPU
		{EE6F0316-55B3-405B-9DBD-B321F3C7F75C}.Debug|x86.ActiveCfg = Debug|Any CPU
		{EE6F0316-55B3-405B-9DBD-B321F3C7F75C}.Debug|x86.Build.0 = Debug|Any CPU
		{EE6F0316-55B3-405B-9DBD-B321F3C7F75C}.Release|Any CPU.ActiveCfg = Release|Any CPU
		{EE6F0316-55B3-405B-9DBD-B321F3C7F75C}.Release|Any CPU.Build.0 = Release|Any CPU
		{EE6F0316-55B3-405B-9DBD-B321F3C7F75C}.Release|x64.ActiveCfg = Release|Any CPU
		{EE6F0316-55B3-405B-9DBD-B321F3C7F75C}.Release|x64.Build.0 = Release|Any CPU
		{EE6F0316-55B3-405B-9DBD-B321F3C7F75C}.Release|x86.ActiveCfg = Release|Any CPU
		{EE6F0316-55B3-405B-9DBD-B321F3C7F75C}.Release|x86.Build.0 = Release|Any CPU
		{45739F7A-3F87-4DF7-ABCD-64AF30850A8F}.Debug|Any CPU.ActiveCfg = Debug|Any CPU
		{45739F7A-3F87-4DF7-ABCD-64AF30850A8F}.Debug|Any CPU.Build.0 = Debug|Any CPU
		{45739F7A-3F87-4DF7-ABCD-64AF30850A8F}.Debug|x64.ActiveCfg = Debug|Any CPU
		{45739F7A-3F87-4DF7-ABCD-64AF30850A8F}.Debug|x64.Build.0 = Debug|Any CPU
		{45739F7A-3F87-4DF7-ABCD-64AF30850A8F}.Debug|x86.ActiveCfg = Debug|Any CPU
		{45739F7A-3F87-4DF7-ABCD-64AF30850A8F}.Debug|x86.Build.0 = Debug|Any CPU
		{45739F7A-3F87-4DF7-ABCD-64AF30850A8F}.Release|Any CPU.ActiveCfg = Release|Any CPU
		{45739F7A-3F87-4DF7-ABCD-64AF30850A8F}.Release|Any CPU.Build.0 = Release|Any CPU
		{45739F7A-3F87-4DF7-ABCD-64AF30850A8F}.Release|x64.ActiveCfg = Release|Any CPU
		{45739F7A-3F87-4DF7-ABCD-64AF30850A8F}.Release|x64.Build.0 = Release|Any CPU
		{45739F7A-3F87-4DF7-ABCD-64AF30850A8F}.Release|x86.ActiveCfg = Release|Any CPU
		{45739F7A-3F87-4DF7-ABCD-64AF30850A8F}.Release|x86.Build.0 = Release|Any CPU
		{E6349556-5F50-4E73-9372-1993EFE274DA}.Debug|Any CPU.ActiveCfg = Debug|Any CPU
		{E6349556-5F50-4E73-9372-1993EFE274DA}.Debug|Any CPU.Build.0 = Debug|Any CPU
		{E6349556-5F50-4E73-9372-1993EFE274DA}.Debug|x64.ActiveCfg = Debug|Any CPU
		{E6349556-5F50-4E73-9372-1993EFE274DA}.Debug|x64.Build.0 = Debug|Any CPU
		{E6349556-5F50-4E73-9372-1993EFE274DA}.Debug|x86.ActiveCfg = Debug|Any CPU
		{E6349556-5F50-4E73-9372-1993EFE274DA}.Debug|x86.Build.0 = Debug|Any CPU
		{E6349556-5F50-4E73-9372-1993EFE274DA}.Release|Any CPU.ActiveCfg = Release|Any CPU
		{E6349556-5F50-4E73-9372-1993EFE274DA}.Release|Any CPU.Build.0 = Release|Any CPU
		{E6349556-5F50-4E73-9372-1993EFE274DA}.Release|x64.ActiveCfg = Release|Any CPU
		{E6349556-5F50-4E73-9372-1993EFE274DA}.Release|x64.Build.0 = Release|Any CPU
		{E6349556-5F50-4E73-9372-1993EFE274DA}.Release|x86.ActiveCfg = Release|Any CPU
		{E6349556-5F50-4E73-9372-1993EFE274DA}.Release|x86.Build.0 = Release|Any CPU
	EndGlobalSection
	GlobalSection(SolutionProperties) = preSolution
		HideSolutionNode = FALSE
	EndGlobalSection
	GlobalSection(NestedProjects) = preSolution
		{3E57BB10-E7EA-427E-8F41-9F1A559E6630} = {19276E37-81AE-44C1-B613-E22E42E77DD1}
		{557AA6EF-63DA-46ED-9A4D-69A43FEAAC0E} = {19276E37-81AE-44C1-B613-E22E42E77DD1}
		{5EDF5182-973C-4937-B6EE-59899A347355} = {EA19F801-9456-40BA-987B-D2968A3751D2}
		{21C876C9-96A1-43F5-9E36-E39EEBA4F8AA} = {EA19F801-9456-40BA-987B-D2968A3751D2}
		{D268DCA4-AF1A-4144-AD78-8B88E089DE0B} = {EA19F801-9456-40BA-987B-D2968A3751D2}
		{1DD6F804-49C2-4E93-841C-13905DF42460} = {75DCC920-5372-4B65-8599-F30003F49BCC}
		{044B30CA-702C-459C-B107-4EB0E5E1CB5D} = {75DCC920-5372-4B65-8599-F30003F49BCC}
		{A154F0C2-8628-40C5-9FD5-252A4EE8A4B7} = {4BE36036-DABE-4CF1-A775-51C8B88C1EBD}
		{0411BBF9-6507-4700-8133-450041F5D5D2} = {4BE36036-DABE-4CF1-A775-51C8B88C1EBD}
		{4F6EF8E3-F26F-49DB-867D-FD10FB083B0D} = {4BE36036-DABE-4CF1-A775-51C8B88C1EBD}
		{677ADF06-323E-4FCD-968C-E2B154EE1D1B} = {4BE36036-DABE-4CF1-A775-51C8B88C1EBD}
		{5035DDC7-0F2C-4598-AF4D-17435D895D00} = {4BE36036-DABE-4CF1-A775-51C8B88C1EBD}
		{EE6F0316-55B3-405B-9DBD-B321F3C7F75C} = {71AAAC7A-835F-4FA8-9ACE-B77258FED307}
		{45739F7A-3F87-4DF7-ABCD-64AF30850A8F} = {71AAAC7A-835F-4FA8-9ACE-B77258FED307}
		{E6349556-5F50-4E73-9372-1993EFE274DA} = {19276E37-81AE-44C1-B613-E22E42E77DD1}
	EndGlobalSection
	GlobalSection(ExtensibilityGlobals) = postSolution
		SolutionGuid = {66D54830-AE60-45AF-8946-ED1A21D320B4}
	EndGlobalSection
EndGlobal
